
Microsoft Visual Studio Solution File, Format Version 12.00
# Visual Studio Version 17
VisualStudioVersion = 17.0.31423.177
MinimumVisualStudioVersion = 10.0.40219.1
Project("{8BC9CEB8-8B4A-11D0-8D11-00A0C91BC942}") = "BlockGame", "BlockGame\BlockGame.vcxproj", "{9BF3A73D-9065-40EA-BE1D-0BC48BB85201}"
EndProject
Global
	GlobalSection(SolutionConfigurationPlatforms) = preSolution
		Debug|x64 = Debug|x64
		Debug|x86 = Debug|x86
		Release|x64 = Release|x64
		Release|x86 = Release|x86
	EndGlobalSection
	GlobalSection(ProjectConfigurationPlatforms) = postSolution
		{9BF3A73D-9065-40EA-BE1D-0BC48BB85201}.Debug|x64.ActiveCfg = Debug|x64
		{9BF3A73D-9065-40EA-BE1D-0BC48BB85201}.Debug|x64.Build.0 = Debug|x64
		{9BF3A73D-9065-40EA-BE1D-0BC48BB85201}.Debug|x86.ActiveCfg = Debug|Win32
		{9BF3A73D-9065-40EA-BE1D-0BC48BB85201}.Debug|x86.Build.0 = Debug|Win32
		{9BF3A73D-9065-40EA-BE1D-0BC48BB85201}.Release|x64.ActiveCfg = Release|x64
		{9BF3A73D-9065-40EA-BE1D-0BC48BB85201}.Release|x64.Build.0 = Release|x64
		{9BF3A73D-9065-40EA-BE1D-0BC48BB85201}.Release|x86.ActiveCfg = Release|Win32
		{9BF3A73D-9065-40EA-BE1D-0BC48BB85201}.Release|x86.Build.0 = Release|Win32
	EndGlobalSection
	GlobalSection(SolutionProperties) = preSolution
		HideSolutionNode = FALSE
	EndGlobalSection
	GlobalSection(ExtensibilityGlobals) = postSolution
		SolutionGuid = {AE84BE8F-ACC6-487D-A88C-F9D8C20131D7}
	EndGlobalSection
EndGlobal
